// !$*UTF8*$!
{
	archiveVersion = 1;
	classes = {
	};
	objectVersion = 46;
	objects = {

/* Begin PBXBuildFile section */
		AD249A671D069AEE00F64058 /* AppDelegate.swift in Sources */ = {isa = PBXBuildFile; fileRef = AD249A661D069AEE00F64058 /* AppDelegate.swift */; };
		AD249A691D069AEE00F64058 /* ViewController.swift in Sources */ = {isa = PBXBuildFile; fileRef = AD249A681D069AEE00F64058 /* ViewController.swift */; };
		AD249A6C1D069AEE00F64058 /* Main.storyboard in Resources */ = {isa = PBXBuildFile; fileRef = AD249A6A1D069AEE00F64058 /* Main.storyboard */; };
		AD249A6E1D069AEE00F64058 /* Assets.xcassets in Resources */ = {isa = PBXBuildFile; fileRef = AD249A6D1D069AEE00F64058 /* Assets.xcassets */; };
		AD249A711D069AEE00F64058 /* LaunchScreen.storyboard in Resources */ = {isa = PBXBuildFile; fileRef = AD249A6F1D069AEE00F64058 /* LaunchScreen.storyboard */; };
		AD92E4E71D0747A900EA67A0 /* pound-yen-euro-dollar.png in Resources */ = {isa = PBXBuildFile; fileRef = AD92E4E61D0747A900EA67A0 /* pound-yen-euro-dollar.png */; };
/* End PBXBuildFile section */

/* Begin PBXFileReference section */
		AD249A631D069AEE00F64058 /* CurrencyConverter.app */ = {isa = PBXFileReference; explicitFileType = wrapper.application; includeInIndex = 0; path = CurrencyConverter.app; sourceTree = BUILT_PRODUCTS_DIR; };
		AD249A661D069AEE00F64058 /* AppDelegate.swift */ = {isa = PBXFileReference; lastKnownFileType = sourcecode.swift; path = AppDelegate.swift; sourceTree = "<group>"; };
		AD249A681D069AEE00F64058 /* ViewController.swift */ = {isa = PBXFileReference; lastKnownFileType = sourcecode.swift; path = ViewController.swift; sourceTree = "<group>"; };
		AD249A6B1D069AEE00F64058 /* Base */ = {isa = PBXFileReference; lastKnownFileType = file.storyboard; name = Base; path = Base.lproj/Main.storyboard; sourceTree = "<group>"; };
		AD249A6D1D069AEE00F64058 /* Assets.xcassets */ = {isa = PBXFileReference; lastKnownFileType = folder.assetcatalog; path = Assets.xcassets; sourceTree = "<group>"; };
		AD249A701D069AEE00F64058 /* Base */ = {isa = PBXFileReference; lastKnownFileType = file.storyboard; name = Base; path = Base.lproj/LaunchScreen.storyboard; sourceTree = "<group>"; };
		AD249A721D069AEE00F64058 /* Info.plist */ = {isa = PBXFileReference; lastKnownFileType = text.plist.xml; path = Info.plist; sourceTree = "<group>"; };
		AD92E4E61D0747A900EA67A0 /* pound-yen-euro-dollar.png */ = {isa = PBXFileReference; lastKnownFileType = image.png; path = "pound-yen-euro-dollar.png"; sourceTree = "<group>"; };
/* End PBXFileReference section */

/* Begin PBXFrameworksBuildPhase section */
		AD249A601D069AEE00F64058 /* Frameworks */ = {
			isa = PBXFrameworksBuildPhase;
			buildActionMask = 2147483647;
			files = (
			);
			runOnlyForDeploymentPostprocessing = 0;
		};
/* End PBXFrameworksBuildPhase section */

/* Begin PBXGroup section */
		AD249A5A1D069AEE00F64058 = {
			isa = PBXGroup;
			children = (
				AD249A651D069AEE00F64058 /* CurrencyConverter */,
				AD249A641D069AEE00F64058 /* Products */,
			);
			sourceTree = "<group>";
		};
		AD249A641D069AEE00F64058 /* Products */ = {
			isa = PBXGroup;
			children = (
				AD249A631D069AEE00F64058 /* CurrencyConverter.app */,
			);
			name = Products;
			sourceTree = "<group>";
		};
		AD249A651D069AEE00F64058 /* CurrencyConverter */ = {
			isa = PBXGroup;
			children = (
				AD249A661D069AEE00F64058 /* AppDelegate.swift */,
				AD249A681D069AEE00F64058 /* ViewController.swift */,
				AD249A6A1D069AEE00F64058 /* Main.storyboard */,
				AD249A6D1D069AEE00F64058 /* Assets.xcassets */,
				AD249A6F1D069AEE00F64058 /* LaunchScreen.storyboard */,
				AD92E4E61D0747A900EA67A0 /* pound-yen-euro-dollar.png */,
				AD249A721D069AEE00F64058 /* Info.plist */,
			);
			path = CurrencyConverter;
			sourceTree = "<group>";
		};
/* End PBXGroup section */

/* Begin PBXNativeTarget section */
		AD249A621D069AEE00F64058 /* CurrencyConverter */ = {
			isa = PBXNativeTarget;
			buildConfigurationList = AD249A751D069AEE00F64058 /* Build configuration list for PBXNativeTarget "CurrencyConverter" */;
			buildPhases = (
				AD249A5F1D069AEE00F64058 /* Sources */,
				AD249A601D069AEE00F64058 /* Frameworks */,
				AD249A611D069AEE00F64058 /* Resources */,
			);
			buildRules = (
			);
			dependencies = (
			);
			name = CurrencyConverter;
			productName = CurrencyConverter;
			productReference = AD249A631D069AEE00F64058 /* CurrencyConverter.app */;
			productType = "com.apple.product-type.application";
		};
/* End PBXNativeTarget section */

/* Begin PBXProject section */
		AD249A5B1D069AEE00F64058 /* Project object */ = {
			isa = PBXProject;
			attributes = {
				LastSwiftUpdateCheck = 0730;
				LastUpgradeCheck = 0730;
				ORGANIZATIONNAME = grisli;
				TargetAttributes = {
					AD249A621D069AEE00F64058 = {
						CreatedOnToolsVersion = 7.3.1;
					};
				};
			};
			buildConfigurationList = AD249A5E1D069AEE00F64058 /* Build configuration list for PBXProject "CurrencyConverter" */;
			compatibilityVersion = "Xcode 3.2";
			developmentRegion = English;
			hasScannedForEncodings = 0;
			knownRegions = (
				en,
				Base,
			);
			mainGroup = AD249A5A1D069AEE00F64058;
			productRefGroup = AD249A641D069AEE00F64058 /* Products */;
			projectDirPath = "";
			projectRoot = "";
			targets = (
				AD249A621D069AEE00F64058 /* CurrencyConverter */,
			);
		};
/* End PBXProject section */

/* Begin PBXResourcesBuildPhase section */
		AD249A611D069AEE00F64058 /* Resources */ = {
			isa = PBXResourcesBuildPhase;
			buildActionMask = 2147483647;
			files = (
				AD249A711D069AEE00F64058 /* LaunchScreen.storyboard in Resources */,
				AD249A6E1D069AEE00F64058 /* Assets.xcassets in Resources */,
				AD92E4E71D0747A900EA67A0 /* pound-yen-euro-dollar.png in Resources */,
				AD249A6C1D069AEE00F64058 /* Main.storyboard in Resources */,
			);
			runOnlyForDeploymentPostprocessing = 0;
		};
/* End PBXResourcesBuildPhase section */

/* Begin PBXSourcesBuildPhase section */
		AD249A5F1D069AEE00F64058 /* Sources */ = {
			isa = PBXSourcesBuildPhase;
			buildActionMask = 2147483647;
			files = (
				AD249A691D069AEE00F64058 /* ViewController.swift in Sources */,
				AD249A671D069AEE00F64058 /* AppDelegate.swift in Sources */,
			);
			runOnlyForDeploymentPostprocessing = 0;
		};
/* End PBXSourcesBuildPhase section */

/* Begin PBXVariantGroup section */
		AD249A6A1D069AEE00F64058 /* Main.storyboard */ = {
			isa = PBXVariantGroup;
			children = (
				AD249A6B1D069AEE00F64058 /* Base */,
			);
			name = Main.storyboard;
			sourceTree = "<group>";
		};
		AD249A6F1D069AEE00F64058 /* LaunchScreen.storyboard */ = {
			isa = PBXVariantGroup;
			children = (
				AD249A701D069AEE00F64058 /* Base */,
			);
			name = LaunchScreen.storyboard;
			sourceTree = "<group>";
		};
/* End PBXVariantGroup section */

/* Begin XCBuildConfiguration section */
		AD249A731D069AEE00F64058 /* Debug */ = {
			isa = XCBuildConfiguration;
			buildSettings = {
				ALWAYS_SEARCH_USER_PATHS = NO;
				CLANG_ANALYZER_NONNULL = YES;
				CLANG_CXX_LANGUAGE_STANDARD = "gnu++0x";
				CLANG_CXX_LIBRARY = "libc++";
				CLANG_ENABLE_MODULES = YES;
				CLANG_ENABLE_OBJC_ARC = YES;
				CLANG_WARN_BOOL_CONVERSION = YES;
				CLANG_WARN_CONSTANT_CONVERSION = YES;
				CLANG_WARN_DIRECT_OBJC_ISA_USAGE = YES_ERROR;
				CLANG_WARN_EMPTY_BODY = YES;
				CLANG_WARN_ENUM_CONVERSION = YES;
				CLANG_WARN_INT_CONVERSION = YES;
				CLANG_WARN_OBJC_ROOT_CLASS = YES_ERROR;
				CLANG_WARN_UNREACHABLE_CODE = YES;
				CLANG_WARN__DUPLICATE_METHOD_MATCH = YES;
				"CODE_SIGN_IDENTITY[sdk=iphoneos*]" = "iPhone Developer";
				COPY_PHASE_STRIP = NO;
				DEBUG_INFORMATION_FORMAT = dwarf;
				ENABLE_STRICT_OBJC_MSGSEND = YES;
				ENABLE_TESTABILITY = YES;
				GCC_C_LANGUAGE_STANDARD = gnu99;
				GCC_DYNAMIC_NO_PIC = NO;
				GCC_NO_COMMON_BLOCKS = YES;
				GCC_OPTIMIZATION_LEVEL = 0;
				GCC_PREPROCESSOR_DEFINITIONS = (
					"DEBUG=1",
					"$(inherited)",
				);
				GCC_WARN_64_TO_32_BIT_CONVERSION = YES;
				GCC_WARN_ABOUT_RETURN_TYPE = YES_ERROR;
				GCC_WARN_UNDECLARED_SELECTOR = YES;
				GCC_WARN_UNINITIALIZED_AUTOS = YES_AGGRESSIVE;
				GCC_WARN_UNUSED_FUNCTION = YES;
				GCC_WARN_UNUSED_VARIABLE = YES;
				IPHONEOS_DEPLOYMENT_TARGET = 9.3;
				MTL_ENABLE_DEBUG_INFO = YES;
				ONLY_ACTIVE_ARCH = YES;
				SDKROOT = iphoneos;
				SWIFT_OPTIMIZATION_LEVEL = "-Onone";
				TARGETED_DEVICE_FAMILY = "1,2";
			};
			name = Debug;
		};
		AD249A741D069AEE00F64058 /* Release */ = {
			isa = XCBuildConfiguration;
			buildSettings = {
				ALWAYS_SEARCH_USER_PATHS = NO;
				CLANG_ANALYZER_NONNULL = YES;
				CLANG_CXX_LANGUAGE_STANDARD = "gnu++0x";
				CLANG_CXX_LIBRARY = "libc++";
				CLANG_ENABLE_MODULES = YES;
				CLANG_ENABLE_OBJC_ARC = YES;
				CLANG_WARN_BOOL_CONVERSION = YES;
				CLANG_WARN_CONSTANT_CONVERSION = YES;
				CLANG_WARN_DIRECT_OBJC_ISA_USAGE = YES_ERROR;
				CLANG_WARN_EMPTY_BODY = YES;
				CLANG_WARN_ENUM_CONVERSION = YES;
				CLANG_WARN_INT_CONVERSION = YES;
				CLANG_WARN_OBJC_ROOT_CLASS = YES_ERROR;
				CLANG_WARN_UNREACHABLE_CODE = YES;
				CLANG_WARN__DUPLICATE_METHOD_MATCH = YES;
				"CODE_SIGN_IDENTITY[sdk=iphoneos*]" = "iPhone Developer";
				COPY_PHASE_STRIP = NO;
				DEBUG_INFORMATION_FORMAT = "dwarf-with-dsym";
				ENABLE_NS_ASSERTIONS = NO;
				ENABLE_STRICT_OBJC_MSGSEND = YES;
				GCC_C_LANGUAGE_STANDARD = gnu99;
				GCC_NO_COMMON_BLOCKS = YES;
				GCC_WARN_64_TO_32_BIT_CONVERSION = YES;
				GCC_WARN_ABOUT_RETURN_TYPE = YES_ERROR;
				GCC_WARN_UNDECLARED_SELECTOR = YES;
				GCC_WARN_UNINITIALIZED_AUTOS = YES_AGGRESSIVE;
				GCC_WARN_UNUSED_FUNCTION = YES;
				GCC_WARN_UNUSED_VARIABLE = YES;
				IPHONEOS_DEPLOYMENT_TARGET = 9.3;
				MTL_ENABLE_DEBUG_INFO = NO;
				SDKROOT = iphoneos;
				TARGETED_DEVICE_FAMILY = "1,2";
				VALIDATE_PRODUCT = YES;
			};
			name = Release;
		};
		AD249A761D069AEE00F64058 /* Debug */ = {
			isa = XCBuildConfiguration;
			buildSettings = {
				ASSETCATALOG_COMPILER_APPICON_NAME = AppIcon;
				INFOPLIST_FILE = CurrencyConverter/Info.plist;
				LD_RUNPATH_SEARCH_PATHS = "$(inherited) @executable_path/Frameworks";
				PRODUCT_BUNDLE_IDENTIFIER = com.grislidev.CurrencyConverter;
				PRODUCT_NAME = "$(TARGET_NAME)";
			};
			name = Debug;
		};
		AD249A771D069AEE00F64058 /* Release */ = {
			isa = XCBuildConfiguration;
			buildSettings = {
				ASSETCATALOG_COMPILER_APPICON_NAME = AppIcon;
				INFOPLIST_FILE = CurrencyConverter/Info.plist;
				LD_RUNPATH_SEARCH_PATHS = "$(inherited) @executable_path/Frameworks";
				PRODUCT_BUNDLE_IDENTIFIER = com.grislidev.CurrencyConverter;
				PRODUCT_NAME = "$(TARGET_NAME)";
			};
			name = Release;
		};
/* End XCBuildConfiguration section */

/* Begin XCConfigurationList section */
		AD249A5E1D069AEE00F64058 /* Build configuration list for PBXProject "CurrencyConverter" */ = {
			isa = XCConfigurationList;
			buildConfigurations = (
				AD249A731D069AEE00F64058 /* Debug */,
				AD249A741D069AEE00F64058 /* Release */,
			);
			defaultConfigurationIsVisible = 0;
			defaultConfigurationName = Release;
		};
		AD249A751D069AEE00F64058 /* Build configuration list for PBXNativeTarget "CurrencyConverter" */ = {
			isa = XCConfigurationList;
			buildConfigurations = (
				AD249A761D069AEE00F64058 /* Debug */,
				AD249A771D069AEE00F64058 /* Release */,
			);
			defaultConfigurationIsVisible = 0;
			defaultConfigurationName = Release;
		};
/* End XCConfigurationList section */
	};
	rootObject = AD249A5B1D069AEE00F64058 /* Project object */;
}
